
Microsoft Visual Studio Solution File, Format Version 12.00
# Visual Studio Version 16
VisualStudioVersion = 16.0.31321.278
MinimumVisualStudioVersion = 10.0.40219.1
Project("{FAE04EC0-301F-11D3-BF4B-00C04F79EFBC}") = "TeknikServis", "TeknikServis\TeknikServis.csproj", "{DAAB778E-A44A-4BD7-97D0-912B2D687AA8}"
EndProject
Global
	GlobalSection(SolutionConfigurationPlatforms) = preSolution
		Debug|Any CPU = Debug|Any CPU
		Release|Any CPU = Release|Any CPU
	EndGlobalSection
	GlobalSection(ProjectConfigurationPlatforms) = postSolution
		{DAAB778E-A44A-4BD7-97D0-912B2D687AA8}.Debug|Any CPU.ActiveCfg = Debug|Any CPU
		{DAAB778E-A44A-4BD7-97D0-912B2D687AA8}.Debug|Any CPU.Build.0 = Debug|Any CPU
		{DAAB778E-A44A-4BD7-97D0-912B2D687AA8}.Release|Any CPU.ActiveCfg = Release|Any CPU
		{DAAB778E-A44A-4BD7-97D0-912B2D687AA8}.Release|Any CPU.Build.0 = Release|Any CPU
	EndGlobalSection
	GlobalSection(SolutionProperties) = preSolution
		HideSolutionNode = FALSE
	EndGlobalSection
	GlobalSection(ExtensibilityGlobals) = postSolution
		SolutionGuid = {81C8DFED-B619-4720-B952-E157303DA3F7}
	EndGlobalSection
EndGlobal
